
Microsoft Visual Studio Solution File, Format Version 12.00
# Visual Studio 2012
Project("{2150E333-8FDC-42A3-9474-1A3956D46DE8}") = "Business", "Business", "{642855DD-F314-4390-B8CD-305E99055E84}"
EndProject
Project("{2150E333-8FDC-42A3-9474-1A3956D46DE8}") = "Client", "Client", "{06339DC1-3C86-4190-B397-118C4541261E}"
EndProject
Project("{2150E333-8FDC-42A3-9474-1A3956D46DE8}") = "Common", "Common", "{B9501F2A-85A0-413C-874A-C40DB248DD00}"
EndProject
Project("{2150E333-8FDC-42A3-9474-1A3956D46DE8}") = "DAL", "DAL", "{D8D26BC2-504D-49DC-A0D1-BD89059DBD09}"
EndProject
Project("{2150E333-8FDC-42A3-9474-1A3956D46DE8}") = "Hosting", "Hosting", "{B4618226-9DF3-4236-B466-F324D0AF4FCB}"
EndProject
Project("{2150E333-8FDC-42A3-9474-1A3956D46DE8}") = "UI", "UI", "{A5C67451-C174-443A-838E-23E17D9E750D}"
EndProject
Project("{FAE04EC0-301F-11D3-BF4B-00C04F79EFBC}") = "ConsoleHost", "ConsoleHost\ConsoleHost.csproj", "{8E323E06-0967-4B13-8798-8D58DC2E2FC7}"
EndProject
Project("{FAE04EC0-301F-11D3-BF4B-00C04F79EFBC}") = "Business.Entities", "Business.Entities\Business.Entities.csproj", "{1B5DADD9-4179-4523-AE8A-8BF443B4A27B}"
EndProject
Project("{FAE04EC0-301F-11D3-BF4B-00C04F79EFBC}") = "Data", "Data\Data.csproj", "{67A906BE-7B87-4C16-9A03-517E2396B428}"
EndProject
Project("{FAE04EC0-301F-11D3-BF4B-00C04F79EFBC}") = "Business.Contracts", "Business.Contracts\Business.Contracts.csproj", "{209503C4-7E32-402B-BB6D-C2DBD6555071}"
EndProject
Project("{FAE04EC0-301F-11D3-BF4B-00C04F79EFBC}") = "Business.Managers", "Business.Managers\Business.Managers.csproj", "{37E7979F-1B72-43E2-B690-56D4F6E03601}"
EndProject
Project("{FAE04EC0-301F-11D3-BF4B-00C04F79EFBC}") = "Client.Sales.Proxies", "Client.Sales.Proxies\Client.Sales.Proxies.csproj", "{DD38C1EB-FCE0-4C13-AA83-A8079D1121F6}"
EndProject
Project("{FAE04EC0-301F-11D3-BF4B-00C04F79EFBC}") = "Client.Contracts", "Client.Contracts\Client.Contracts.csproj", "{D8469C75-2B88-4470-A20E-013A082C5BA5}"
EndProject
Project("{FAE04EC0-301F-11D3-BF4B-00C04F79EFBC}") = "Client.Entities", "Client.Entities\Client.Entities.csproj", "{1FD4EFBE-46EB-42CC-A266-299E67A06003}"
EndProject
Project("{FAE04EC0-301F-11D3-BF4B-00C04F79EFBC}") = "Desktop", "Desktop\Desktop.csproj", "{DEE0C5B3-0CF8-4968-95AB-0321C982BC05}"
EndProject
Global
	GlobalSection(SolutionConfigurationPlatforms) = preSolution
		Debug|Any CPU = Debug|Any CPU
		Release|Any CPU = Release|Any CPU
	EndGlobalSection
	GlobalSection(ProjectConfigurationPlatforms) = postSolution
		{8E323E06-0967-4B13-8798-8D58DC2E2FC7}.Debug|Any CPU.ActiveCfg = Debug|Any CPU
		{8E323E06-0967-4B13-8798-8D58DC2E2FC7}.Debug|Any CPU.Build.0 = Debug|Any CPU
		{8E323E06-0967-4B13-8798-8D58DC2E2FC7}.Release|Any CPU.ActiveCfg = Release|Any CPU
		{8E323E06-0967-4B13-8798-8D58DC2E2FC7}.Release|Any CPU.Build.0 = Release|Any CPU
		{1B5DADD9-4179-4523-AE8A-8BF443B4A27B}.Debug|Any CPU.ActiveCfg = Debug|Any CPU
		{1B5DADD9-4179-4523-AE8A-8BF443B4A27B}.Debug|Any CPU.Build.0 = Debug|Any CPU
		{1B5DADD9-4179-4523-AE8A-8BF443B4A27B}.Release|Any CPU.ActiveCfg = Release|Any CPU
		{1B5DADD9-4179-4523-AE8A-8BF443B4A27B}.Release|Any CPU.Build.0 = Release|Any CPU
		{67A906BE-7B87-4C16-9A03-517E2396B428}.Debug|Any CPU.ActiveCfg = Debug|Any CPU
		{67A906BE-7B87-4C16-9A03-517E2396B428}.Debug|Any CPU.Build.0 = Debug|Any CPU
		{67A906BE-7B87-4C16-9A03-517E2396B428}.Release|Any CPU.ActiveCfg = Release|Any CPU
		{67A906BE-7B87-4C16-9A03-517E2396B428}.Release|Any CPU.Build.0 = Release|Any CPU
		{209503C4-7E32-402B-BB6D-C2DBD6555071}.Debug|Any CPU.ActiveCfg = Debug|Any CPU
		{209503C4-7E32-402B-BB6D-C2DBD6555071}.Debug|Any CPU.Build.0 = Debug|Any CPU
		{209503C4-7E32-402B-BB6D-C2DBD6555071}.Release|Any CPU.ActiveCfg = Release|Any CPU
		{209503C4-7E32-402B-BB6D-C2DBD6555071}.Release|Any CPU.Build.0 = Release|Any CPU
		{37E7979F-1B72-43E2-B690-56D4F6E03601}.Debug|Any CPU.ActiveCfg = Debug|Any CPU
		{37E7979F-1B72-43E2-B690-56D4F6E03601}.Debug|Any CPU.Build.0 = Debug|Any CPU
		{37E7979F-1B72-43E2-B690-56D4F6E03601}.Release|Any CPU.ActiveCfg = Release|Any CPU
		{37E7979F-1B72-43E2-B690-56D4F6E03601}.Release|Any CPU.Build.0 = Release|Any CPU
		{DD38C1EB-FCE0-4C13-AA83-A8079D1121F6}.Debug|Any CPU.ActiveCfg = Debug|Any CPU
		{DD38C1EB-FCE0-4C13-AA83-A8079D1121F6}.Debug|Any CPU.Build.0 = Debug|Any CPU
		{DD38C1EB-FCE0-4C13-AA83-A8079D1121F6}.Release|Any CPU.ActiveCfg = Release|Any CPU
		{DD38C1EB-FCE0-4C13-AA83-A8079D1121F6}.Release|Any CPU.Build.0 = Release|Any CPU
		{D8469C75-2B88-4470-A20E-013A082C5BA5}.Debug|Any CPU.ActiveCfg = Debug|Any CPU
		{D8469C75-2B88-4470-A20E-013A082C5BA5}.Debug|Any CPU.Build.0 = Debug|Any CPU
		{D8469C75-2B88-4470-A20E-013A082C5BA5}.Release|Any CPU.ActiveCfg = Release|Any CPU
		{D8469C75-2B88-4470-A20E-013A082C5BA5}.Release|Any CPU.Build.0 = Release|Any CPU
		{1FD4EFBE-46EB-42CC-A266-299E67A06003}.Debug|Any CPU.ActiveCfg = Debug|Any CPU
		{1FD4EFBE-46EB-42CC-A266-299E67A06003}.Debug|Any CPU.Build.0 = Debug|Any CPU
		{1FD4EFBE-46EB-42CC-A266-299E67A06003}.Release|Any CPU.ActiveCfg = Release|Any CPU
		{1FD4EFBE-46EB-42CC-A266-299E67A06003}.Release|Any CPU.Build.0 = Release|Any CPU
		{DEE0C5B3-0CF8-4968-95AB-0321C982BC05}.Debug|Any CPU.ActiveCfg = Debug|Any CPU
		{DEE0C5B3-0CF8-4968-95AB-0321C982BC05}.Debug|Any CPU.Build.0 = Debug|Any CPU
		{DEE0C5B3-0CF8-4968-95AB-0321C982BC05}.Release|Any CPU.ActiveCfg = Release|Any CPU
		{DEE0C5B3-0CF8-4968-95AB-0321C982BC05}.Release|Any CPU.Build.0 = Release|Any CPU
	EndGlobalSection
	GlobalSection(SolutionProperties) = preSolution
		HideSolutionNode = FALSE
	EndGlobalSection
	GlobalSection(NestedProjects) = preSolution
		{1B5DADD9-4179-4523-AE8A-8BF443B4A27B} = {642855DD-F314-4390-B8CD-305E99055E84}
		{209503C4-7E32-402B-BB6D-C2DBD6555071} = {642855DD-F314-4390-B8CD-305E99055E84}
		{37E7979F-1B72-43E2-B690-56D4F6E03601} = {642855DD-F314-4390-B8CD-305E99055E84}
		{DD38C1EB-FCE0-4C13-AA83-A8079D1121F6} = {06339DC1-3C86-4190-B397-118C4541261E}
		{D8469C75-2B88-4470-A20E-013A082C5BA5} = {06339DC1-3C86-4190-B397-118C4541261E}
		{1FD4EFBE-46EB-42CC-A266-299E67A06003} = {06339DC1-3C86-4190-B397-118C4541261E}
		{67A906BE-7B87-4C16-9A03-517E2396B428} = {D8D26BC2-504D-49DC-A0D1-BD89059DBD09}
		{8E323E06-0967-4B13-8798-8D58DC2E2FC7} = {B4618226-9DF3-4236-B466-F324D0AF4FCB}
		{DEE0C5B3-0CF8-4968-95AB-0321C982BC05} = {A5C67451-C174-443A-838E-23E17D9E750D}
	EndGlobalSection
EndGlobal
